
Microsoft Visual Studio Solution File, Format Version 12.00
# Visual Studio Version 16
VisualStudioVersion = 16.0.29613.14
MinimumVisualStudioVersion = 10.0.40219.1
Project("{9A19103F-16F7-4668-BE54-9A1E7A4F7556}") = "SeleniumWeb.Test", "SeleniumWeb.Test\SeleniumWeb.Test.csproj", "{5CC19D2E-F2F0-4665-9CDE-6414786B4884}"
EndProject
Project("{9A19103F-16F7-4668-BE54-9A1E7A4F7556}") = "TrainingProjectWeb", "TrainingProjectWeb\TrainingProjectWeb.csproj", "{468EA5B8-7BF7-4C8C-86AF-734D39A23534}"
EndProject
Global
	GlobalSection(SolutionConfigurationPlatforms) = preSolution
		Debug|Any CPU = Debug|Any CPU
		Release|Any CPU = Release|Any CPU
	EndGlobalSection
	GlobalSection(ProjectConfigurationPlatforms) = postSolution
		{5CC19D2E-F2F0-4665-9CDE-6414786B4884}.Debug|Any CPU.ActiveCfg = Debug|Any CPU
		{5CC19D2E-F2F0-4665-9CDE-6414786B4884}.Debug|Any CPU.Build.0 = Debug|Any CPU
		{5CC19D2E-F2F0-4665-9CDE-6414786B4884}.Release|Any CPU.ActiveCfg = Release|Any CPU
		{5CC19D2E-F2F0-4665-9CDE-6414786B4884}.Release|Any CPU.Build.0 = Release|Any CPU
		{468EA5B8-7BF7-4C8C-86AF-734D39A23534}.Debug|Any CPU.ActiveCfg = Debug|Any CPU
		{468EA5B8-7BF7-4C8C-86AF-734D39A23534}.Debug|Any CPU.Build.0 = Debug|Any CPU
		{468EA5B8-7BF7-4C8C-86AF-734D39A23534}.Release|Any CPU.ActiveCfg = Release|Any CPU
		{468EA5B8-7BF7-4C8C-86AF-734D39A23534}.Release|Any CPU.Build.0 = Release|Any CPU
	EndGlobalSection
	GlobalSection(SolutionProperties) = preSolution
		HideSolutionNode = FALSE
	EndGlobalSection
	GlobalSection(ExtensibilityGlobals) = postSolution
		SolutionGuid = {23693052-F2A8-405C-BD59-1CDE3291B9AE}
	EndGlobalSection
EndGlobal
